
Microsoft Visual Studio Solution File, Format Version 12.00
# Visual Studio 14
VisualStudioVersion = 14.0.25123.0
MinimumVisualStudioVersion = 10.0.40219.1
Project("{878B21E0-A9EE-497E-9354-7D4B22E4404E}") = "Sitecore.Support.156009", "Sitecore.Support.156009\Sitecore.Support.156009.csproj", "{3F3A0DC9-0B27-418E-AC79-60805F00BDEE}"
EndProject
Global
	GlobalSection(SolutionConfigurationPlatforms) = preSolution
		Debug|Any CPU = Debug|Any CPU
		Release|Any CPU = Release|Any CPU
	EndGlobalSection
	GlobalSection(ProjectConfigurationPlatforms) = postSolution
		{3F3A0DC9-0B27-418E-AC79-60805F00BDEE}.Debug|Any CPU.ActiveCfg = Debug|Any CPU
		{3F3A0DC9-0B27-418E-AC79-60805F00BDEE}.Debug|Any CPU.Build.0 = Debug|Any CPU
		{3F3A0DC9-0B27-418E-AC79-60805F00BDEE}.Release|Any CPU.ActiveCfg = Release|Any CPU
		{3F3A0DC9-0B27-418E-AC79-60805F00BDEE}.Release|Any CPU.Build.0 = Release|Any CPU
	EndGlobalSection
	GlobalSection(SolutionProperties) = preSolution
		HideSolutionNode = FALSE
	EndGlobalSection
EndGlobal
